
Microsoft Visual Studio Solution File, Format Version 12.00
# Visual Studio 15
VisualStudioVersion = 15.0.26730.12
MinimumVisualStudioVersion = 10.0.40219.1
Project("{FAE04EC0-301F-11D3-BF4B-00C04F79EFBC}") = "ChallengeDarts", "ChallengeDarts\ChallengeDarts.csproj", "{09E3322F-BF83-4CDE-86B6-80C493CC02C2}"
EndProject
Project("{FAE04EC0-301F-11D3-BF4B-00C04F79EFBC}") = "Darts", "Darts\Darts.csproj", "{FF9D5E47-118B-4584-A560-4E19CBF40DCF}"
EndProject
Global
	GlobalSection(SolutionConfigurationPlatforms) = preSolution
		Debug|Any CPU = Debug|Any CPU
		Debug|ARM = Debug|ARM
		Debug|x64 = Debug|x64
		Debug|x86 = Debug|x86
		Release|Any CPU = Release|Any CPU
		Release|ARM = Release|ARM
		Release|x64 = Release|x64
		Release|x86 = Release|x86
	EndGlobalSection
	GlobalSection(ProjectConfigurationPlatforms) = postSolution
		{09E3322F-BF83-4CDE-86B6-80C493CC02C2}.Debug|Any CPU.ActiveCfg = Debug|Any CPU
		{09E3322F-BF83-4CDE-86B6-80C493CC02C2}.Debug|Any CPU.Build.0 = Debug|Any CPU
		{09E3322F-BF83-4CDE-86B6-80C493CC02C2}.Debug|ARM.ActiveCfg = Debug|Any CPU
		{09E3322F-BF83-4CDE-86B6-80C493CC02C2}.Debug|ARM.Build.0 = Debug|Any CPU
		{09E3322F-BF83-4CDE-86B6-80C493CC02C2}.Debug|x64.ActiveCfg = Debug|Any CPU
		{09E3322F-BF83-4CDE-86B6-80C493CC02C2}.Debug|x64.Build.0 = Debug|Any CPU
		{09E3322F-BF83-4CDE-86B6-80C493CC02C2}.Debug|x86.ActiveCfg = Debug|Any CPU
		{09E3322F-BF83-4CDE-86B6-80C493CC02C2}.Debug|x86.Build.0 = Debug|Any CPU
		{09E3322F-BF83-4CDE-86B6-80C493CC02C2}.Release|Any CPU.ActiveCfg = Release|Any CPU
		{09E3322F-BF83-4CDE-86B6-80C493CC02C2}.Release|Any CPU.Build.0 = Release|Any CPU
		{09E3322F-BF83-4CDE-86B6-80C493CC02C2}.Release|ARM.ActiveCfg = Release|Any CPU
		{09E3322F-BF83-4CDE-86B6-80C493CC02C2}.Release|ARM.Build.0 = Release|Any CPU
		{09E3322F-BF83-4CDE-86B6-80C493CC02C2}.Release|x64.ActiveCfg = Release|Any CPU
		{09E3322F-BF83-4CDE-86B6-80C493CC02C2}.Release|x64.Build.0 = Release|Any CPU
		{09E3322F-BF83-4CDE-86B6-80C493CC02C2}.Release|x86.ActiveCfg = Release|Any CPU
		{09E3322F-BF83-4CDE-86B6-80C493CC02C2}.Release|x86.Build.0 = Release|Any CPU
		{FF9D5E47-118B-4584-A560-4E19CBF40DCF}.Debug|Any CPU.ActiveCfg = Debug|Any CPU
		{FF9D5E47-118B-4584-A560-4E19CBF40DCF}.Debug|Any CPU.Build.0 = Debug|Any CPU
		{FF9D5E47-118B-4584-A560-4E19CBF40DCF}.Debug|ARM.ActiveCfg = Debug|Any CPU
		{FF9D5E47-118B-4584-A560-4E19CBF40DCF}.Debug|ARM.Build.0 = Debug|Any CPU
		{FF9D5E47-118B-4584-A560-4E19CBF40DCF}.Debug|x64.ActiveCfg = Debug|Any CPU
		{FF9D5E47-118B-4584-A560-4E19CBF40DCF}.Debug|x64.Build.0 = Debug|Any CPU
		{FF9D5E47-118B-4584-A560-4E19CBF40DCF}.Debug|x86.ActiveCfg = Debug|Any CPU
		{FF9D5E47-118B-4584-A560-4E19CBF40DCF}.Debug|x86.Build.0 = Debug|Any CPU
		{FF9D5E47-118B-4584-A560-4E19CBF40DCF}.Release|Any CPU.ActiveCfg = Release|Any CPU
		{FF9D5E47-118B-4584-A560-4E19CBF40DCF}.Release|Any CPU.Build.0 = Release|Any CPU
		{FF9D5E47-118B-4584-A560-4E19CBF40DCF}.Release|ARM.ActiveCfg = Release|Any CPU
		{FF9D5E47-118B-4584-A560-4E19CBF40DCF}.Release|ARM.Build.0 = Release|Any CPU
		{FF9D5E47-118B-4584-A560-4E19CBF40DCF}.Release|x64.ActiveCfg = Release|Any CPU
		{FF9D5E47-118B-4584-A560-4E19CBF40DCF}.Release|x64.Build.0 = Release|Any CPU
		{FF9D5E47-118B-4584-A560-4E19CBF40DCF}.Release|x86.ActiveCfg = Release|Any CPU
		{FF9D5E47-118B-4584-A560-4E19CBF40DCF}.Release|x86.Build.0 = Release|Any CPU
	EndGlobalSection
	GlobalSection(SolutionProperties) = preSolution
		HideSolutionNode = FALSE
	EndGlobalSection
	GlobalSection(ExtensibilityGlobals) = postSolution
		SolutionGuid = {5E8ED738-5C25-4A29-9EF3-3C3302467437}
	EndGlobalSection
EndGlobal
